// !$*UTF8*$!
{
	archiveVersion = 1;
	classes = {
	};
	objectVersion = 50;
	objects = {

/* Begin PBXBuildFile section */
		04A81F9B34F2897AFDFD530C /* libPods-Project1.0.a in Frameworks */ = {isa = PBXBuildFile; fileRef = F4E5D3B07B60D92B0713357C /* libPods-Project1.0.a */; };
		241F6BBC241A8DEE003CFC69 /* Celcuis.swift in Sources */ = {isa = PBXBuildFile; fileRef = 241F6BBB241A8DEE003CFC69 /* Celcuis.swift */; };
		241F6BBE241A8E20003CFC69 /* Celcuis.storyboard in Resources */ = {isa = PBXBuildFile; fileRef = 241F6BBD241A8E20003CFC69 /* Celcuis.storyboard */; };
		241F6BC0241A9582003CFC69 /* 85.jpg in Resources */ = {isa = PBXBuildFile; fileRef = 241F6BBF241A9582003CFC69 /* 85.jpg */; };
		241F6BC4241A9690003CFC69 /* Miles.swift in Sources */ = {isa = PBXBuildFile; fileRef = 241F6BC3241A9690003CFC69 /* Miles.swift */; };
		24DF402924193CD600DCEE11 /* AppDelegate.swift in Sources */ = {isa = PBXBuildFile; fileRef = 24DF402824193CD600DCEE11 /* AppDelegate.swift */; };
		24DF402B24193CD600DCEE11 /* SceneDelegate.swift in Sources */ = {isa = PBXBuildFile; fileRef = 24DF402A24193CD600DCEE11 /* SceneDelegate.swift */; };
		24DF402D24193CD600DCEE11 /* ViewController.swift in Sources */ = {isa = PBXBuildFile; fileRef = 24DF402C24193CD600DCEE11 /* ViewController.swift */; };
		24DF403024193CD600DCEE11 /* Main.storyboard in Resources */ = {isa = PBXBuildFile; fileRef = 24DF402E24193CD600DCEE11 /* Main.storyboard */; };
		24DF403224193CD900DCEE11 /* Assets.xcassets in Resources */ = {isa = PBXBuildFile; fileRef = 24DF403124193CD900DCEE11 /* Assets.xcassets */; };
		24DF403524193CD900DCEE11 /* LaunchScreen.storyboard in Resources */ = {isa = PBXBuildFile; fileRef = 24DF403324193CD900DCEE11 /* LaunchScreen.storyboard */; };
		24DF404024193CDA00DCEE11 /* Project1_0Tests.swift in Sources */ = {isa = PBXBuildFile; fileRef = 24DF403F24193CDA00DCEE11 /* Project1_0Tests.swift */; };
		24DF404B24193CDA00DCEE11 /* Project1_0UITests.swift in Sources */ = {isa = PBXBuildFile; fileRef = 24DF404A24193CDA00DCEE11 /* Project1_0UITests.swift */; };
		24DF405C241941F300DCEE11 /* Pythagoras.storyboard in Resources */ = {isa = PBXBuildFile; fileRef = 24DF405B241941F200DCEE11 /* Pythagoras.storyboard */; };
		24FB160F241BD9540077BEEF /* Miles.storyboard in Resources */ = {isa = PBXBuildFile; fileRef = 24FB160E241BD9540077BEEF /* Miles.storyboard */; };
/* End PBXBuildFile section */

/* Begin PBXContainerItemProxy section */
		24DF403C24193CDA00DCEE11 /* PBXContainerItemProxy */ = {
			isa = PBXContainerItemProxy;
			containerPortal = 24DF401D24193CD600DCEE11 /* Project object */;
			proxyType = 1;
			remoteGlobalIDString = 24DF402424193CD600DCEE11;
			remoteInfo = Project1.0;
		};
		24DF404724193CDA00DCEE11 /* PBXContainerItemProxy */ = {
			isa = PBXContainerItemProxy;
			containerPortal = 24DF401D24193CD600DCEE11 /* Project object */;
			proxyType = 1;
			remoteGlobalIDString = 24DF402424193CD600DCEE11;
			remoteInfo = Project1.0;
		};
/* End PBXContainerItemProxy section */

/* Begin PBXFileReference section */
		241F6BBB241A8DEE003CFC69 /* Celcuis.swift */ = {isa = PBXFileReference; lastKnownFileType = sourcecode.swift; path = Celcuis.swift; sourceTree = "<group>"; };
		241F6BBD241A8E20003CFC69 /* Celcuis.storyboard */ = {isa = PBXFileReference; lastKnownFileType = file.storyboard; path = Celcuis.storyboard; sourceTree = "<group>"; };
		241F6BBF241A9582003CFC69 /* 85.jpg */ = {isa = PBXFileReference; lastKnownFileType = image.jpeg; path = 85.jpg; sourceTree = "<group>"; };
		241F6BC3241A9690003CFC69 /* Miles.swift */ = {isa = PBXFileReference; lastKnownFileType = sourcecode.swift; path = Miles.swift; sourceTree = "<group>"; };
		24DF402524193CD600DCEE11 /* Project1.0.app */ = {isa = PBXFileReference; explicitFileType = wrapper.application; includeInIndex = 0; path = Project1.0.app; sourceTree = BUILT_PRODUCTS_DIR; };
		24DF402824193CD600DCEE11 /* AppDelegate.swift */ = {isa = PBXFileReference; lastKnownFileType = sourcecode.swift; path = AppDelegate.swift; sourceTree = "<group>"; };
		24DF402A24193CD600DCEE11 /* SceneDelegate.swift */ = {isa = PBXFileReference; lastKnownFileType = sourcecode.swift; path = SceneDelegate.swift; sourceTree = "<group>"; };
		24DF402C24193CD600DCEE11 /* ViewController.swift */ = {isa = PBXFileReference; lastKnownFileType = sourcecode.swift; path = ViewController.swift; sourceTree = "<group>"; };
		24DF402F24193CD600DCEE11 /* Base */ = {isa = PBXFileReference; lastKnownFileType = file.storyboard; name = Base; path = Base.lproj/Main.storyboard; sourceTree = "<group>"; };
		24DF403124193CD900DCEE11 /* Assets.xcassets */ = {isa = PBXFileReference; lastKnownFileType = folder.assetcatalog; path = Assets.xcassets; sourceTree = "<group>"; };
		24DF403424193CD900DCEE11 /* Base */ = {isa = PBXFileReference; lastKnownFileType = file.storyboard; name = Base; path = Base.lproj/LaunchScreen.storyboard; sourceTree = "<group>"; };
		24DF403624193CD900DCEE11 /* Info.plist */ = {isa = PBXFileReference; lastKnownFileType = text.plist.xml; path = Info.plist; sourceTree = "<group>"; };
		24DF403B24193CDA00DCEE11 /* Project1.0Tests.xctest */ = {isa = PBXFileReference; explicitFileType = wrapper.cfbundle; includeInIndex = 0; path = Project1.0Tests.xctest; sourceTree = BUILT_PRODUCTS_DIR; };
		24DF403F24193CDA00DCEE11 /* Project1_0Tests.swift */ = {isa = PBXFileReference; lastKnownFileType = sourcecode.swift; path = Project1_0Tests.swift; sourceTree = "<group>"; };
		24DF404124193CDA00DCEE11 /* Info.plist */ = {isa = PBXFileReference; lastKnownFileType = text.plist.xml; path = Info.plist; sourceTree = "<group>"; };
		24DF404624193CDA00DCEE11 /* Project1.0UITests.xctest */ = {isa = PBXFileReference; explicitFileType = wrapper.cfbundle; includeInIndex = 0; path = Project1.0UITests.xctest; sourceTree = BUILT_PRODUCTS_DIR; };
		24DF404A24193CDA00DCEE11 /* Project1_0UITests.swift */ = {isa = PBXFileReference; lastKnownFileType = sourcecode.swift; path = Project1_0UITests.swift; sourceTree = "<group>"; };
		24DF404C24193CDA00DCEE11 /* Info.plist */ = {isa = PBXFileReference; lastKnownFileType = text.plist.xml; path = Info.plist; sourceTree = "<group>"; };
		24DF405B241941F200DCEE11 /* Pythagoras.storyboard */ = {isa = PBXFileReference; fileEncoding = 4; lastKnownFileType = file.storyboard; name = Pythagoras.storyboard; path = "../../../Documents/PORTFOLIO-oldc/UI Portfolio/Views/Pythagoras.storyboard"; sourceTree = "<group>"; };
		24FB160E241BD9540077BEEF /* Miles.storyboard */ = {isa = PBXFileReference; lastKnownFileType = file.storyboard; path = Miles.storyboard; sourceTree = "<group>"; };
		901BF3D3F9D3C08D2A79C7A1 /* Pods-Project1.0.debug.xcconfig */ = {isa = PBXFileReference; includeInIndex = 1; lastKnownFileType = text.xcconfig; name = "Pods-Project1.0.debug.xcconfig"; path = "Target Support Files/Pods-Project1.0/Pods-Project1.0.debug.xcconfig"; sourceTree = "<group>"; };
		C69AEF69C5D7DFCD1CDA2A07 /* Pods-Project1.0.release.xcconfig */ = {isa = PBXFileReference; includeInIndex = 1; lastKnownFileType = text.xcconfig; name = "Pods-Project1.0.release.xcconfig"; path = "Target Support Files/Pods-Project1.0/Pods-Project1.0.release.xcconfig"; sourceTree = "<group>"; };
		F4E5D3B07B60D92B0713357C /* libPods-Project1.0.a */ = {isa = PBXFileReference; explicitFileType = archive.ar; includeInIndex = 0; path = "libPods-Project1.0.a"; sourceTree = BUILT_PRODUCTS_DIR; };
/* End PBXFileReference section */

/* Begin PBXFrameworksBuildPhase section */
		24DF402224193CD600DCEE11 /* Frameworks */ = {
			isa = PBXFrameworksBuildPhase;
			buildActionMask = 2147483647;
			files = (
				04A81F9B34F2897AFDFD530C /* libPods-Project1.0.a in Frameworks */,
			);
			runOnlyForDeploymentPostprocessing = 0;
		};
		24DF403824193CDA00DCEE11 /* Frameworks */ = {
			isa = PBXFrameworksBuildPhase;
			buildActionMask = 2147483647;
			files = (
			);
			runOnlyForDeploymentPostprocessing = 0;
		};
		24DF404324193CDA00DCEE11 /* Frameworks */ = {
			isa = PBXFrameworksBuildPhase;
			buildActionMask = 2147483647;
			files = (
			);
			runOnlyForDeploymentPostprocessing = 0;
		};
/* End PBXFrameworksBuildPhase section */

/* Begin PBXGroup section */
		24DF401C24193CD600DCEE11 = {
			isa = PBXGroup;
			children = (
				241F6BBF241A9582003CFC69 /* 85.jpg */,
				24DF40582419408D00DCEE11 /* StoryBoards */,
				24DF402724193CD600DCEE11 /* Project1.0 */,
				24DF403E24193CDA00DCEE11 /* Project1.0Tests */,
				24DF404924193CDA00DCEE11 /* Project1.0UITests */,
				24DF402624193CD600DCEE11 /* Products */,
				C8A697B27E816DD6D80D9D15 /* Pods */,
				F0EE5042747B508665631BF8 /* Frameworks */,
			);
			sourceTree = "<group>";
		};
		24DF402624193CD600DCEE11 /* Products */ = {
			isa = PBXGroup;
			children = (
				24DF402524193CD600DCEE11 /* Project1.0.app */,
				24DF403B24193CDA00DCEE11 /* Project1.0Tests.xctest */,
				24DF404624193CDA00DCEE11 /* Project1.0UITests.xctest */,
			);
			name = Products;
			sourceTree = "<group>";
		};
		24DF402724193CD600DCEE11 /* Project1.0 */ = {
			isa = PBXGroup;
			children = (
				24DF402824193CD600DCEE11 /* AppDelegate.swift */,
				24DF402A24193CD600DCEE11 /* SceneDelegate.swift */,
				24DF402C24193CD600DCEE11 /* ViewController.swift */,
				241F6BBB241A8DEE003CFC69 /* Celcuis.swift */,
				241F6BC3241A9690003CFC69 /* Miles.swift */,
				24DF403124193CD900DCEE11 /* Assets.xcassets */,
				24DF403624193CD900DCEE11 /* Info.plist */,
			);
			path = Project1.0;
			sourceTree = "<group>";
		};
		24DF403E24193CDA00DCEE11 /* Project1.0Tests */ = {
			isa = PBXGroup;
			children = (
				24DF403F24193CDA00DCEE11 /* Project1_0Tests.swift */,
				24DF404124193CDA00DCEE11 /* Info.plist */,
			);
			path = Project1.0Tests;
			sourceTree = "<group>";
		};
		24DF404924193CDA00DCEE11 /* Project1.0UITests */ = {
			isa = PBXGroup;
			children = (
				24DF404A24193CDA00DCEE11 /* Project1_0UITests.swift */,
				24DF404C24193CDA00DCEE11 /* Info.plist */,
			);
			path = Project1.0UITests;
			sourceTree = "<group>";
		};
		24DF40582419408D00DCEE11 /* StoryBoards */ = {
			isa = PBXGroup;
			children = (
				24DF402E24193CD600DCEE11 /* Main.storyboard */,
				24DF403324193CD900DCEE11 /* LaunchScreen.storyboard */,
				24DF405B241941F200DCEE11 /* Pythagoras.storyboard */,
				241F6BBD241A8E20003CFC69 /* Celcuis.storyboard */,
				24FB160E241BD9540077BEEF /* Miles.storyboard */,
			);
			path = StoryBoards;
			sourceTree = "<group>";
		};
		C8A697B27E816DD6D80D9D15 /* Pods */ = {
			isa = PBXGroup;
			children = (
				901BF3D3F9D3C08D2A79C7A1 /* Pods-Project1.0.debug.xcconfig */,
				C69AEF69C5D7DFCD1CDA2A07 /* Pods-Project1.0.release.xcconfig */,
			);
			path = Pods;
			sourceTree = "<group>";
		};
		F0EE5042747B508665631BF8 /* Frameworks */ = {
			isa = PBXGroup;
			children = (
				F4E5D3B07B60D92B0713357C /* libPods-Project1.0.a */,
			);
			name = Frameworks;
			sourceTree = "<group>";
		};
/* End PBXGroup section */

/* Begin PBXNativeTarget section */
		24DF402424193CD600DCEE11 /* Project1.0 */ = {
			isa = PBXNativeTarget;
			buildConfigurationList = 24DF404F24193CDA00DCEE11 /* Build configuration list for PBXNativeTarget "Project1.0" */;
			buildPhases = (
				088EEF29AABB00989EC2BF36 /* [CP] Check Pods Manifest.lock */,
				24DF402124193CD600DCEE11 /* Sources */,
				24DF402224193CD600DCEE11 /* Frameworks */,
				24DF402324193CD600DCEE11 /* Resources */,
			);
			buildRules = (
			);
			dependencies = (
			);
			name = Project1.0;
			productName = Project1.0;
			productReference = 24DF402524193CD600DCEE11 /* Project1.0.app */;
			productType = "com.apple.product-type.application";
		};
		24DF403A24193CDA00DCEE11 /* Project1.0Tests */ = {
			isa = PBXNativeTarget;
			buildConfigurationList = 24DF405224193CDA00DCEE11 /* Build configuration list for PBXNativeTarget "Project1.0Tests" */;
			buildPhases = (
				24DF403724193CDA00DCEE11 /* Sources */,
				24DF403824193CDA00DCEE11 /* Frameworks */,
				24DF403924193CDA00DCEE11 /* Resources */,
			);
			buildRules = (
			);
			dependencies = (
				24DF403D24193CDA00DCEE11 /* PBXTargetDependency */,
			);
			name = Project1.0Tests;
			productName = Project1.0Tests;
			productReference = 24DF403B24193CDA00DCEE11 /* Project1.0Tests.xctest */;
			productType = "com.apple.product-type.bundle.unit-test";
		};
		24DF404524193CDA00DCEE11 /* Project1.0UITests */ = {
			isa = PBXNativeTarget;
			buildConfigurationList = 24DF405524193CDA00DCEE11 /* Build configuration list for PBXNativeTarget "Project1.0UITests" */;
			buildPhases = (
				24DF404224193CDA00DCEE11 /* Sources */,
				24DF404324193CDA00DCEE11 /* Frameworks */,
				24DF404424193CDA00DCEE11 /* Resources */,
			);
			buildRules = (
			);
			dependencies = (
				24DF404824193CDA00DCEE11 /* PBXTargetDependency */,
			);
			name = Project1.0UITests;
			productName = Project1.0UITests;
			productReference = 24DF404624193CDA00DCEE11 /* Project1.0UITests.xctest */;
			productType = "com.apple.product-type.bundle.ui-testing";
		};
/* End PBXNativeTarget section */

/* Begin PBXProject section */
		24DF401D24193CD600DCEE11 /* Project object */ = {
			isa = PBXProject;
			attributes = {
				LastSwiftUpdateCheck = 1130;
				LastUpgradeCheck = 1130;
				ORGANIZATIONNAME = "Gheibi, Ermia";
				TargetAttributes = {
					24DF402424193CD600DCEE11 = {
						CreatedOnToolsVersion = 11.3.1;
					};
					24DF403A24193CDA00DCEE11 = {
						CreatedOnToolsVersion = 11.3.1;
						TestTargetID = 24DF402424193CD600DCEE11;
					};
					24DF404524193CDA00DCEE11 = {
						CreatedOnToolsVersion = 11.3.1;
						TestTargetID = 24DF402424193CD600DCEE11;
					};
				};
			};
			buildConfigurationList = 24DF402024193CD600DCEE11 /* Build configuration list for PBXProject "Project1.0" */;
			compatibilityVersion = "Xcode 9.3";
			developmentRegion = en;
			hasScannedForEncodings = 0;
			knownRegions = (
				en,
				Base,
			);
			mainGroup = 24DF401C24193CD600DCEE11;
			productRefGroup = 24DF402624193CD600DCEE11 /* Products */;
			projectDirPath = "";
			projectRoot = "";
			targets = (
				24DF402424193CD600DCEE11 /* Project1.0 */,
				24DF403A24193CDA00DCEE11 /* Project1.0Tests */,
				24DF404524193CDA00DCEE11 /* Project1.0UITests */,
			);
		};
/* End PBXProject section */

/* Begin PBXResourcesBuildPhase section */
		24DF402324193CD600DCEE11 /* Resources */ = {
			isa = PBXResourcesBuildPhase;
			buildActionMask = 2147483647;
			files = (
				241F6BC0241A9582003CFC69 /* 85.jpg in Resources */,
				24DF403524193CD900DCEE11 /* LaunchScreen.storyboard in Resources */,
				24DF405C241941F300DCEE11 /* Pythagoras.storyboard in Resources */,
				241F6BBE241A8E20003CFC69 /* Celcuis.storyboard in Resources */,
				24DF403224193CD900DCEE11 /* Assets.xcassets in Resources */,
				24FB160F241BD9540077BEEF /* Miles.storyboard in Resources */,
				24DF403024193CD600DCEE11 /* Main.storyboard in Resources */,
			);
			runOnlyForDeploymentPostprocessing = 0;
		};
		24DF403924193CDA00DCEE11 /* Resources */ = {
			isa = PBXResourcesBuildPhase;
			buildActionMask = 2147483647;
			files = (
			);
			runOnlyForDeploymentPostprocessing = 0;
		};
		24DF404424193CDA00DCEE11 /* Resources */ = {
			isa = PBXResourcesBuildPhase;
			buildActionMask = 2147483647;
			files = (
			);
			runOnlyForDeploymentPostprocessing = 0;
		};
/* End PBXResourcesBuildPhase section */

/* Begin PBXShellScriptBuildPhase section */
		088EEF29AABB00989EC2BF36 /* [CP] Check Pods Manifest.lock */ = {
			isa = PBXShellScriptBuildPhase;
			buildActionMask = 2147483647;
			files = (
			);
			inputFileListPaths = (
			);
			inputPaths = (
				"${PODS_PODFILE_DIR_PATH}/Podfile.lock",
				"${PODS_ROOT}/Manifest.lock",
			);
			name = "[CP] Check Pods Manifest.lock";
			outputFileListPaths = (
			);
			outputPaths = (
				"$(DERIVED_FILE_DIR)/Pods-Project1.0-checkManifestLockResult.txt",
			);
			runOnlyForDeploymentPostprocessing = 0;
			shellPath = /bin/sh;
			shellScript = "diff \"${PODS_PODFILE_DIR_PATH}/Podfile.lock\" \"${PODS_ROOT}/Manifest.lock\" > /dev/null\nif [ $? != 0 ] ; then\n    # print error to STDERR\n    echo \"error: The sandbox is not in sync with the Podfile.lock. Run 'pod install' or update your CocoaPods installation.\" >&2\n    exit 1\nfi\n# This output is used by Xcode 'outputs' to avoid re-running this script phase.\necho \"SUCCESS\" > \"${SCRIPT_OUTPUT_FILE_0}\"\n";
			showEnvVarsInLog = 0;
		};
/* End PBXShellScriptBuildPhase section */

/* Begin PBXSourcesBuildPhase section */
		24DF402124193CD600DCEE11 /* Sources */ = {
			isa = PBXSourcesBuildPhase;
			buildActionMask = 2147483647;
			files = (
				241F6BBC241A8DEE003CFC69 /* Celcuis.swift in Sources */,
				24DF402D24193CD600DCEE11 /* ViewController.swift in Sources */,
				24DF402924193CD600DCEE11 /* AppDelegate.swift in Sources */,
				24DF402B24193CD600DCEE11 /* SceneDelegate.swift in Sources */,
				241F6BC4241A9690003CFC69 /* Miles.swift in Sources */,
			);
			runOnlyForDeploymentPostprocessing = 0;
		};
		24DF403724193CDA00DCEE11 /* Sources */ = {
			isa = PBXSourcesBuildPhase;
			buildActionMask = 2147483647;
			files = (
				24DF404024193CDA00DCEE11 /* Project1_0Tests.swift in Sources */,
			);
			runOnlyForDeploymentPostprocessing = 0;
		};
		24DF404224193CDA00DCEE11 /* Sources */ = {
			isa = PBXSourcesBuildPhase;
			buildActionMask = 2147483647;
			files = (
				24DF404B24193CDA00DCEE11 /* Project1_0UITests.swift in Sources */,
			);
			runOnlyForDeploymentPostprocessing = 0;
		};
/* End PBXSourcesBuildPhase section */

/* Begin PBXTargetDependency section */
		24DF403D24193CDA00DCEE11 /* PBXTargetDependency */ = {
			isa = PBXTargetDependency;
			target = 24DF402424193CD600DCEE11 /* Project1.0 */;
			targetProxy = 24DF403C24193CDA00DCEE11 /* PBXContainerItemProxy */;
		};
		24DF404824193CDA00DCEE11 /* PBXTargetDependency */ = {
			isa = PBXTargetDependency;
			target = 24DF402424193CD600DCEE11 /* Project1.0 */;
			targetProxy = 24DF404724193CDA00DCEE11 /* PBXContainerItemProxy */;
		};
/* End PBXTargetDependency section */

/* Begin PBXVariantGroup section */
		24DF402E24193CD600DCEE11 /* Main.storyboard */ = {
			isa = PBXVariantGroup;
			children = (
				24DF402F24193CD600DCEE11 /* Base */,
			);
			name = Main.storyboard;
			sourceTree = "<group>";
		};
		24DF403324193CD900DCEE11 /* LaunchScreen.storyboard */ = {
			isa = PBXVariantGroup;
			children = (
				24DF403424193CD900DCEE11 /* Base */,
			);
			name = LaunchScreen.storyboard;
			sourceTree = "<group>";
		};
/* End PBXVariantGroup section */

/* Begin XCBuildConfiguration section */
		24DF404D24193CDA00DCEE11 /* Debug */ = {
			isa = XCBuildConfiguration;
			buildSettings = {
				ALWAYS_SEARCH_USER_PATHS = NO;
				CLANG_ANALYZER_NONNULL = YES;
				CLANG_ANALYZER_NUMBER_OBJECT_CONVERSION = YES_AGGRESSIVE;
				CLANG_CXX_LANGUAGE_STANDARD = "gnu++14";
				CLANG_CXX_LIBRARY = "libc++";
				CLANG_ENABLE_MODULES = YES;
				CLANG_ENABLE_OBJC_ARC = YES;
				CLANG_ENABLE_OBJC_WEAK = YES;
				CLANG_WARN_BLOCK_CAPTURE_AUTORELEASING = YES;
				CLANG_WARN_BOOL_CONVERSION = YES;
				CLANG_WARN_COMMA = YES;
				CLANG_WARN_CONSTANT_CONVERSION = YES;
				CLANG_WARN_DEPRECATED_OBJC_IMPLEMENTATIONS = YES;
				CLANG_WARN_DIRECT_OBJC_ISA_USAGE = YES_ERROR;
				CLANG_WARN_DOCUMENTATION_COMMENTS = YES;
				CLANG_WARN_EMPTY_BODY = YES;
				CLANG_WARN_ENUM_CONVERSION = YES;
				CLANG_WARN_INFINITE_RECURSION = YES;
				CLANG_WARN_INT_CONVERSION = YES;
				CLANG_WARN_NON_LITERAL_NULL_CONVERSION = YES;
				CLANG_WARN_OBJC_IMPLICIT_RETAIN_SELF = YES;
				CLANG_WARN_OBJC_LITERAL_CONVERSION = YES;
				CLANG_WARN_OBJC_ROOT_CLASS = YES_ERROR;
				CLANG_WARN_RANGE_LOOP_ANALYSIS = YES;
				CLANG_WARN_STRICT_PROTOTYPES = YES;
				CLANG_WARN_SUSPICIOUS_MOVE = YES;
				CLANG_WARN_UNGUARDED_AVAILABILITY = YES_AGGRESSIVE;
				CLANG_WARN_UNREACHABLE_CODE = YES;
				CLANG_WARN__DUPLICATE_METHOD_MATCH = YES;
				COPY_PHASE_STRIP = NO;
				DEBUG_INFORMATION_FORMAT = dwarf;
				ENABLE_STRICT_OBJC_MSGSEND = YES;
				ENABLE_TESTABILITY = YES;
				GCC_C_LANGUAGE_STANDARD = gnu11;
				GCC_DYNAMIC_NO_PIC = NO;
				GCC_NO_COMMON_BLOCKS = YES;
				GCC_OPTIMIZATION_LEVEL = 0;
				GCC_PREPROCESSOR_DEFINITIONS = (
					"DEBUG=1",
					"$(inherited)",
				);
				GCC_WARN_64_TO_32_BIT_CONVERSION = YES;
				GCC_WARN_ABOUT_RETURN_TYPE = YES_ERROR;
				GCC_WARN_UNDECLARED_SELECTOR = YES;
				GCC_WARN_UNINITIALIZED_AUTOS = YES_AGGRESSIVE;
				GCC_WARN_UNUSED_FUNCTION = YES;
				GCC_WARN_UNUSED_VARIABLE = YES;
				IPHONEOS_DEPLOYMENT_TARGET = 13.2;
				MTL_ENABLE_DEBUG_INFO = INCLUDE_SOURCE;
				MTL_FAST_MATH = YES;
				ONLY_ACTIVE_ARCH = YES;
				SDKROOT = iphoneos;
				SWIFT_ACTIVE_COMPILATION_CONDITIONS = DEBUG;
				SWIFT_OPTIMIZATION_LEVEL = "-Onone";
			};
			name = Debug;
		};
		24DF404E24193CDA00DCEE11 /* Release */ = {
			isa = XCBuildConfiguration;
			buildSettings = {
				ALWAYS_SEARCH_USER_PATHS = NO;
				CLANG_ANALYZER_NONNULL = YES;
				CLANG_ANALYZER_NUMBER_OBJECT_CONVERSION = YES_AGGRESSIVE;
				CLANG_CXX_LANGUAGE_STANDARD = "gnu++14";
				CLANG_CXX_LIBRARY = "libc++";
				CLANG_ENABLE_MODULES = YES;
				CLANG_ENABLE_OBJC_ARC = YES;
				CLANG_ENABLE_OBJC_WEAK = YES;
				CLANG_WARN_BLOCK_CAPTURE_AUTORELEASING = YES;
				CLANG_WARN_BOOL_CONVERSION = YES;
				CLANG_WARN_COMMA = YES;
				CLANG_WARN_CONSTANT_CONVERSION = YES;
				CLANG_WARN_DEPRECATED_OBJC_IMPLEMENTATIONS = YES;
				CLANG_WARN_DIRECT_OBJC_ISA_USAGE = YES_ERROR;
				CLANG_WARN_DOCUMENTATION_COMMENTS = YES;
				CLANG_WARN_EMPTY_BODY = YES;
				CLANG_WARN_ENUM_CONVERSION = YES;
				CLANG_WARN_INFINITE_RECURSION = YES;
				CLANG_WARN_INT_CONVERSION = YES;
				CLANG_WARN_NON_LITERAL_NULL_CONVERSION = YES;
				CLANG_WARN_OBJC_IMPLICIT_RETAIN_SELF = YES;
				CLANG_WARN_OBJC_LITERAL_CONVERSION = YES;
				CLANG_WARN_OBJC_ROOT_CLASS = YES_ERROR;
				CLANG_WARN_RANGE_LOOP_ANALYSIS = YES;
				CLANG_WARN_STRICT_PROTOTYPES = YES;
				CLANG_WARN_SUSPICIOUS_MOVE = YES;
				CLANG_WARN_UNGUARDED_AVAILABILITY = YES_AGGRESSIVE;
				CLANG_WARN_UNREACHABLE_CODE = YES;
				CLANG_WARN__DUPLICATE_METHOD_MATCH = YES;
				COPY_PHASE_STRIP = NO;
				DEBUG_INFORMATION_FORMAT = "dwarf-with-dsym";
				ENABLE_NS_ASSERTIONS = NO;
				ENABLE_STRICT_OBJC_MSGSEND = YES;
				GCC_C_LANGUAGE_STANDARD = gnu11;
				GCC_NO_COMMON_BLOCKS = YES;
				GCC_WARN_64_TO_32_BIT_CONVERSION = YES;
				GCC_WARN_ABOUT_RETURN_TYPE = YES_ERROR;
				GCC_WARN_UNDECLARED_SELECTOR = YES;
				GCC_WARN_UNINITIALIZED_AUTOS = YES_AGGRESSIVE;
				GCC_WARN_UNUSED_FUNCTION = YES;
				GCC_WARN_UNUSED_VARIABLE = YES;
				IPHONEOS_DEPLOYMENT_TARGET = 13.2;
				MTL_ENABLE_DEBUG_INFO = NO;
				MTL_FAST_MATH = YES;
				SDKROOT = iphoneos;
				SWIFT_COMPILATION_MODE = wholemodule;
				SWIFT_OPTIMIZATION_LEVEL = "-O";
				VALIDATE_PRODUCT = YES;
			};
			name = Release;
		};
		24DF405024193CDA00DCEE11 /* Debug */ = {
			isa = XCBuildConfiguration;
			baseConfigurationReference = 901BF3D3F9D3C08D2A79C7A1 /* Pods-Project1.0.debug.xcconfig */;
			buildSettings = {
				ASSETCATALOG_COMPILER_APPICON_NAME = AppIcon;
				CODE_SIGN_STYLE = Automatic;
				INFOPLIST_FILE = Project1.0/Info.plist;
				LD_RUNPATH_SEARCH_PATHS = (
					"$(inherited)",
					"@executable_path/Frameworks",
				);
				PRODUCT_BUNDLE_IDENTIFIER = "Blackcup.inc.Project1-0";
				PRODUCT_NAME = "$(TARGET_NAME)";
				SWIFT_VERSION = 5.0;
				TARGETED_DEVICE_FAMILY = "1,2";
			};
			name = Debug;
		};
		24DF405124193CDA00DCEE11 /* Release */ = {
			isa = XCBuildConfiguration;
			baseConfigurationReference = C69AEF69C5D7DFCD1CDA2A07 /* Pods-Project1.0.release.xcconfig */;
			buildSettings = {
				ASSETCATALOG_COMPILER_APPICON_NAME = AppIcon;
				CODE_SIGN_STYLE = Automatic;
				INFOPLIST_FILE = Project1.0/Info.plist;
				LD_RUNPATH_SEARCH_PATHS = (
					"$(inherited)",
					"@executable_path/Frameworks",
				);
				PRODUCT_BUNDLE_IDENTIFIER = "Blackcup.inc.Project1-0";
				PRODUCT_NAME = "$(TARGET_NAME)";
				SWIFT_VERSION = 5.0;
				TARGETED_DEVICE_FAMILY = "1,2";
			};
			name = Release;
		};
		24DF405324193CDA00DCEE11 /* Debug */ = {
			isa = XCBuildConfiguration;
			buildSettings = {
				ALWAYS_EMBED_SWIFT_STANDARD_LIBRARIES = YES;
				BUNDLE_LOADER = "$(TEST_HOST)";
				CODE_SIGN_STYLE = Automatic;
				INFOPLIST_FILE = Project1.0Tests/Info.plist;
				IPHONEOS_DEPLOYMENT_TARGET = 13.2;
				LD_RUNPATH_SEARCH_PATHS = (
					"$(inherited)",
					"@executable_path/Frameworks",
					"@loader_path/Frameworks",
				);
				PRODUCT_BUNDLE_IDENTIFIER = "Blackcup.inc.Project1-0Tests";
				PRODUCT_NAME = "$(TARGET_NAME)";
				SWIFT_VERSION = 5.0;
				TARGETED_DEVICE_FAMILY = "1,2";
				TEST_HOST = "$(BUILT_PRODUCTS_DIR)/Project1.0.app/Project1.0";
			};
			name = Debug;
		};
		24DF405424193CDA00DCEE11 /* Release */ = {
			isa = XCBuildConfiguration;
			buildSettings = {
				ALWAYS_EMBED_SWIFT_STANDARD_LIBRARIES = YES;
				BUNDLE_LOADER = "$(TEST_HOST)";
				CODE_SIGN_STYLE = Automatic;
				INFOPLIST_FILE = Project1.0Tests/Info.plist;
				IPHONEOS_DEPLOYMENT_TARGET = 13.2;
				LD_RUNPATH_SEARCH_PATHS = (
					"$(inherited)",
					"@executable_path/Frameworks",
					"@loader_path/Frameworks",
				);
				PRODUCT_BUNDLE_IDENTIFIER = "Blackcup.inc.Project1-0Tests";
				PRODUCT_NAME = "$(TARGET_NAME)";
				SWIFT_VERSION = 5.0;
				TARGETED_DEVICE_FAMILY = "1,2";
				TEST_HOST = "$(BUILT_PRODUCTS_DIR)/Project1.0.app/Project1.0";
			};
			name = Release;
		};
		24DF405624193CDA00DCEE11 /* Debug */ = {
			isa = XCBuildConfiguration;
			buildSettings = {
				ALWAYS_EMBED_SWIFT_STANDARD_LIBRARIES = YES;
				CODE_SIGN_STYLE = Automatic;
				INFOPLIST_FILE = Project1.0UITests/Info.plist;
				LD_RUNPATH_SEARCH_PATHS = (
					"$(inherited)",
					"@executable_path/Frameworks",
					"@loader_path/Frameworks",
				);
				PRODUCT_BUNDLE_IDENTIFIER = "Blackcup.inc.Project1-0UITests";
				PRODUCT_NAME = "$(TARGET_NAME)";
				SWIFT_VERSION = 5.0;
				TARGETED_DEVICE_FAMILY = "1,2";
				TEST_TARGET_NAME = Project1.0;
			};
			name = Debug;
		};
		24DF405724193CDA00DCEE11 /* Release */ = {
			isa = XCBuildConfiguration;
			buildSettings = {
				ALWAYS_EMBED_SWIFT_STANDARD_LIBRARIES = YES;
				CODE_SIGN_STYLE = Automatic;
				INFOPLIST_FILE = Project1.0UITests/Info.plist;
				LD_RUNPATH_SEARCH_PATHS = (
					"$(inherited)",
					"@executable_path/Frameworks",
					"@loader_path/Frameworks",
				);
				PRODUCT_BUNDLE_IDENTIFIER = "Blackcup.inc.Project1-0UITests";
				PRODUCT_NAME = "$(TARGET_NAME)";
				SWIFT_VERSION = 5.0;
				TARGETED_DEVICE_FAMILY = "1,2";
				TEST_TARGET_NAME = Project1.0;
			};
			name = Release;
		};
/* End XCBuildConfiguration section */

/* Begin XCConfigurationList section */
		24DF402024193CD600DCEE11 /* Build configuration list for PBXProject "Project1.0" */ = {
			isa = XCConfigurationList;
			buildConfigurations = (
				24DF404D24193CDA00DCEE11 /* Debug */,
				24DF404E24193CDA00DCEE11 /* Release */,
			);
			defaultConfigurationIsVisible = 0;
			defaultConfigurationName = Release;
		};
		24DF404F24193CDA00DCEE11 /* Build configuration list for PBXNativeTarget "Project1.0" */ = {
			isa = XCConfigurationList;
			buildConfigurations = (
				24DF405024193CDA00DCEE11 /* Debug */,
				24DF405124193CDA00DCEE11 /* Release */,
			);
			defaultConfigurationIsVisible = 0;
			defaultConfigurationName = Release;
		};
		24DF405224193CDA00DCEE11 /* Build configuration list for PBXNativeTarget "Project1.0Tests" */ = {
			isa = XCConfigurationList;
			buildConfigurations = (
				24DF405324193CDA00DCEE11 /* Debug */,
				24DF405424193CDA00DCEE11 /* Release */,
			);
			defaultConfigurationIsVisible = 0;
			defaultConfigurationName = Release;
		};
		24DF405524193CDA00DCEE11 /* Build configuration list for PBXNativeTarget "Project1.0UITests" */ = {
			isa = XCConfigurationList;
			buildConfigurations = (
				24DF405624193CDA00DCEE11 /* Debug */,
				24DF405724193CDA00DCEE11 /* Release */,
			);
			defaultConfigurationIsVisible = 0;
			defaultConfigurationName = Release;
		};
/* End XCConfigurationList section */
	};
	rootObject = 24DF401D24193CD600DCEE11 /* Project object */;
}
